
Microsoft Visual Studio Solution File, Format Version 12.00
# Visual Studio Version 16
VisualStudioVersion = 16.0.29613.14
MinimumVisualStudioVersion = 10.0.40219.1
Project("{9A19103F-16F7-4668-BE54-9A1E7A4F7556}") = "CoreApiProject", "RealEstatePropertyApi\CoreApiProject.csproj", "{47299A3B-CE5F-4C09-8207-8F21480870E3}"
EndProject
Project("{9A19103F-16F7-4668-BE54-9A1E7A4F7556}") = "CoreApiProject.Core", "RealEstatePropertyApi.Core\CoreApiProject.Core.csproj", "{0FE91F71-4DA1-47A1-9CAC-6DD50E0AAA62}"
EndProject
Project("{FAE04EC0-301F-11D3-BF4B-00C04F79EFBC}") = "CoreApiProject.Infrastructure", "CoreApiProject.Infrastructure\CoreApiProject.Infrastructure.csproj", "{C3582E2D-7F10-41EC-9EFA-97C509D77910}"
EndProject
Global
	GlobalSection(SolutionConfigurationPlatforms) = preSolution
		Debug|Any CPU = Debug|Any CPU
		Release|Any CPU = Release|Any CPU
	EndGlobalSection
	GlobalSection(ProjectConfigurationPlatforms) = postSolution
		{47299A3B-CE5F-4C09-8207-8F21480870E3}.Debug|Any CPU.ActiveCfg = Debug|Any CPU
		{47299A3B-CE5F-4C09-8207-8F21480870E3}.Debug|Any CPU.Build.0 = Debug|Any CPU
		{47299A3B-CE5F-4C09-8207-8F21480870E3}.Release|Any CPU.ActiveCfg = Release|Any CPU
		{47299A3B-CE5F-4C09-8207-8F21480870E3}.Release|Any CPU.Build.0 = Release|Any CPU
		{0FE91F71-4DA1-47A1-9CAC-6DD50E0AAA62}.Debug|Any CPU.ActiveCfg = Debug|Any CPU
		{0FE91F71-4DA1-47A1-9CAC-6DD50E0AAA62}.Debug|Any CPU.Build.0 = Debug|Any CPU
		{0FE91F71-4DA1-47A1-9CAC-6DD50E0AAA62}.Release|Any CPU.ActiveCfg = Release|Any CPU
		{0FE91F71-4DA1-47A1-9CAC-6DD50E0AAA62}.Release|Any CPU.Build.0 = Release|Any CPU
		{C3582E2D-7F10-41EC-9EFA-97C509D77910}.Debug|Any CPU.ActiveCfg = Debug|Any CPU
		{C3582E2D-7F10-41EC-9EFA-97C509D77910}.Debug|Any CPU.Build.0 = Debug|Any CPU
		{C3582E2D-7F10-41EC-9EFA-97C509D77910}.Release|Any CPU.ActiveCfg = Release|Any CPU
		{C3582E2D-7F10-41EC-9EFA-97C509D77910}.Release|Any CPU.Build.0 = Release|Any CPU
	EndGlobalSection
	GlobalSection(SolutionProperties) = preSolution
		HideSolutionNode = FALSE
	EndGlobalSection
	GlobalSection(ExtensibilityGlobals) = postSolution
		SolutionGuid = {DA0ED66C-AA9C-41EC-8CD0-A081953C0648}
	EndGlobalSection
EndGlobal
